
Microsoft Visual Studio Solution File, Format Version 12.00
# Visual Studio Version 17
VisualStudioVersion = 17.14.36616.10 d17.14
MinimumVisualStudioVersion = 10.0.40219.1
Project("{FAE04EC0-301F-11D3-BF4B-00C04F79EFBC}") = "ZooManagmentSystem", "ZooManagmentSystem\ZooManagmentSystem.csproj", "{24C3048D-15E7-4C10-9C6D-5E625336370B}"
EndProject
Global
	GlobalSection(SolutionConfigurationPlatforms) = preSolution
		Debug|Any CPU = Debug|Any CPU
		Release|Any CPU = Release|Any CPU
	EndGlobalSection
	GlobalSection(ProjectConfigurationPlatforms) = postSolution
		{24C3048D-15E7-4C10-9C6D-5E625336370B}.Debug|Any CPU.ActiveCfg = Debug|Any CPU
		{24C3048D-15E7-4C10-9C6D-5E625336370B}.Debug|Any CPU.Build.0 = Debug|Any CPU
		{24C3048D-15E7-4C10-9C6D-5E625336370B}.Release|Any CPU.ActiveCfg = Release|Any CPU
		{24C3048D-15E7-4C10-9C6D-5E625336370B}.Release|Any CPU.Build.0 = Release|Any CPU
	EndGlobalSection
	GlobalSection(SolutionProperties) = preSolution
		HideSolutionNode = FALSE
	EndGlobalSection
	GlobalSection(ExtensibilityGlobals) = postSolution
		SolutionGuid = {B26CB30E-6147-4909-83D9-115AE6368BC1}
	EndGlobalSection
EndGlobal
